<?xml version="1.0" encoding="utf-8"?>
<Project ToolsVersion="4.0" xmlns="http://schemas.microsoft.com/developer/msbuild/2003">
  <ItemGroup>
    <Filter Include="Zento">
      <UniqueIdentifier>{15E3940E-81F7-BCBF-4A79-601FB64CB9F0}</UniqueIdentifier>
    </Filter>
  </ItemGroup>
  <ItemGroup>
    <ClInclude Include="src\Zento.h" />
    <ClInclude Include="src\Zento\Application.h">
      <Filter>Zento</Filter>
    </ClInclude>
    <ClInclude Include="src\Zento\Core.h">
      <Filter>Zento</Filter>
    </ClInclude>
    <ClInclude Include="src\Zento\Log.h">
      <Filter>Zento</Filter>
    </ClInclude>
    <ClInclude Include="src\Zento\EntryPoint.h" />
  </ItemGroup>
  <ItemGroup>
    <ClCompile Include="src\Zento\Application.cpp">
      <Filter>Zento</Filter>
    </ClCompile>
    <ClCompile Include="src\Zento\Log.cpp">
      <Filter>Zento</Filter>
    </ClCompile>
  </ItemGroup>
</Project>